
Microsoft Visual Studio Solution File, Format Version 12.00
# Visual Studio Version 16
VisualStudioVersion = 16.0.30011.22
MinimumVisualStudioVersion = 10.0.40219.1
Project("{9A19103F-16F7-4668-BE54-9A1E7A4F7556}") = "Sportsbet", "Sportsbet\Sportsbet.csproj", "{5D47028B-A305-444B-897D-D70ABB6BD227}"
EndProject
Project("{9A19103F-16F7-4668-BE54-9A1E7A4F7556}") = "Sportsbet.DAL", "Sportsbet.DAL\Sportsbet.DAL.csproj", "{8C0C5CEA-9389-402F-8678-A5B88829A7ED}"
EndProject
Project("{9A19103F-16F7-4668-BE54-9A1E7A4F7556}") = "Sportsbet.BLL", "Sportsbet.BLL\Sportsbet.BLL.csproj", "{981B3B44-129D-4E5F-B7AD-1560945779F8}"
EndProject
Project("{FAE04EC0-301F-11D3-BF4B-00C04F79EFBC}") = "Sportsbet.Client", "Sportsbet.Client\Sportsbet.Client.csproj", "{E084F191-B2AB-4BC1-93FC-92B05D1953EB}"
EndProject
Global
	GlobalSection(SolutionConfigurationPlatforms) = preSolution
		Debug|Any CPU = Debug|Any CPU
		Debug|ARM = Debug|ARM
		Debug|ARM64 = Debug|ARM64
		Debug|x64 = Debug|x64
		Debug|x86 = Debug|x86
		Release|Any CPU = Release|Any CPU
		Release|ARM = Release|ARM
		Release|ARM64 = Release|ARM64
		Release|x64 = Release|x64
		Release|x86 = Release|x86
	EndGlobalSection
	GlobalSection(ProjectConfigurationPlatforms) = postSolution
		{5D47028B-A305-444B-897D-D70ABB6BD227}.Debug|Any CPU.ActiveCfg = Debug|Any CPU
		{5D47028B-A305-444B-897D-D70ABB6BD227}.Debug|Any CPU.Build.0 = Debug|Any CPU
		{5D47028B-A305-444B-897D-D70ABB6BD227}.Debug|ARM.ActiveCfg = Debug|Any CPU
		{5D47028B-A305-444B-897D-D70ABB6BD227}.Debug|ARM.Build.0 = Debug|Any CPU
		{5D47028B-A305-444B-897D-D70ABB6BD227}.Debug|ARM64.ActiveCfg = Debug|Any CPU
		{5D47028B-A305-444B-897D-D70ABB6BD227}.Debug|ARM64.Build.0 = Debug|Any CPU
		{5D47028B-A305-444B-897D-D70ABB6BD227}.Debug|x64.ActiveCfg = Debug|Any CPU
		{5D47028B-A305-444B-897D-D70ABB6BD227}.Debug|x64.Build.0 = Debug|Any CPU
		{5D47028B-A305-444B-897D-D70ABB6BD227}.Debug|x86.ActiveCfg = Debug|Any CPU
		{5D47028B-A305-444B-897D-D70ABB6BD227}.Debug|x86.Build.0 = Debug|Any CPU
		{5D47028B-A305-444B-897D-D70ABB6BD227}.Release|Any CPU.ActiveCfg = Release|Any CPU
		{5D47028B-A305-444B-897D-D70ABB6BD227}.Release|Any CPU.Build.0 = Release|Any CPU
		{5D47028B-A305-444B-897D-D70ABB6BD227}.Release|ARM.ActiveCfg = Release|Any CPU
		{5D47028B-A305-444B-897D-D70ABB6BD227}.Release|ARM.Build.0 = Release|Any CPU
		{5D47028B-A305-444B-897D-D70ABB6BD227}.Release|ARM64.ActiveCfg = Release|Any CPU
		{5D47028B-A305-444B-897D-D70ABB6BD227}.Release|ARM64.Build.0 = Release|Any CPU
		{5D47028B-A305-444B-897D-D70ABB6BD227}.Release|x64.ActiveCfg = Release|Any CPU
		{5D47028B-A305-444B-897D-D70ABB6BD227}.Release|x64.Build.0 = Release|Any CPU
		{5D47028B-A305-444B-897D-D70ABB6BD227}.Release|x86.ActiveCfg = Release|Any CPU
		{5D47028B-A305-444B-897D-D70ABB6BD227}.Release|x86.Build.0 = Release|Any CPU
		{8C0C5CEA-9389-402F-8678-A5B88829A7ED}.Debug|Any CPU.ActiveCfg = Debug|Any CPU
		{8C0C5CEA-9389-402F-8678-A5B88829A7ED}.Debug|Any CPU.Build.0 = Debug|Any CPU
		{8C0C5CEA-9389-402F-8678-A5B88829A7ED}.Debug|ARM.ActiveCfg = Debug|Any CPU
		{8C0C5CEA-9389-402F-8678-A5B88829A7ED}.Debug|ARM.Build.0 = Debug|Any CPU
		{8C0C5CEA-9389-402F-8678-A5B88829A7ED}.Debug|ARM64.ActiveCfg = Debug|Any CPU
		{8C0C5CEA-9389-402F-8678-A5B88829A7ED}.Debug|ARM64.Build.0 = Debug|Any CPU
		{8C0C5CEA-9389-402F-8678-A5B88829A7ED}.Debug|x64.ActiveCfg = Debug|Any CPU
		{8C0C5CEA-9389-402F-8678-A5B88829A7ED}.Debug|x64.Build.0 = Debug|Any CPU
		{8C0C5CEA-9389-402F-8678-A5B88829A7ED}.Debug|x86.ActiveCfg = Debug|Any CPU
		{8C0C5CEA-9389-402F-8678-A5B88829A7ED}.Debug|x86.Build.0 = Debug|Any CPU
		{8C0C5CEA-9389-402F-8678-A5B88829A7ED}.Release|Any CPU.ActiveCfg = Release|Any CPU
		{8C0C5CEA-9389-402F-8678-A5B88829A7ED}.Release|Any CPU.Build.0 = Release|Any CPU
		{8C0C5CEA-9389-402F-8678-A5B88829A7ED}.Release|ARM.ActiveCfg = Release|Any CPU
		{8C0C5CEA-9389-402F-8678-A5B88829A7ED}.Release|ARM.Build.0 = Release|Any CPU
		{8C0C5CEA-9389-402F-8678-A5B88829A7ED}.Release|ARM64.ActiveCfg = Release|Any CPU
		{8C0C5CEA-9389-402F-8678-A5B88829A7ED}.Release|ARM64.Build.0 = Release|Any CPU
		{8C0C5CEA-9389-402F-8678-A5B88829A7ED}.Release|x64.ActiveCfg = Release|Any CPU
		{8C0C5CEA-9389-402F-8678-A5B88829A7ED}.Release|x64.Build.0 = Release|Any CPU
		{8C0C5CEA-9389-402F-8678-A5B88829A7ED}.Release|x86.ActiveCfg = Release|Any CPU
		{8C0C5CEA-9389-402F-8678-A5B88829A7ED}.Release|x86.Build.0 = Release|Any CPU
		{981B3B44-129D-4E5F-B7AD-1560945779F8}.Debug|Any CPU.ActiveCfg = Debug|Any CPU
		{981B3B44-129D-4E5F-B7AD-1560945779F8}.Debug|Any CPU.Build.0 = Debug|Any CPU
		{981B3B44-129D-4E5F-B7AD-1560945779F8}.Debug|ARM.ActiveCfg = Debug|Any CPU
		{981B3B44-129D-4E5F-B7AD-1560945779F8}.Debug|ARM.Build.0 = Debug|Any CPU
		{981B3B44-129D-4E5F-B7AD-1560945779F8}.Debug|ARM64.ActiveCfg = Debug|Any CPU
		{981B3B44-129D-4E5F-B7AD-1560945779F8}.Debug|ARM64.Build.0 = Debug|Any CPU
		{981B3B44-129D-4E5F-B7AD-1560945779F8}.Debug|x64.ActiveCfg = Debug|Any CPU
		{981B3B44-129D-4E5F-B7AD-1560945779F8}.Debug|x64.Build.0 = Debug|Any CPU
		{981B3B44-129D-4E5F-B7AD-1560945779F8}.Debug|x86.ActiveCfg = Debug|Any CPU
		{981B3B44-129D-4E5F-B7AD-1560945779F8}.Debug|x86.Build.0 = Debug|Any CPU
		{981B3B44-129D-4E5F-B7AD-1560945779F8}.Release|Any CPU.ActiveCfg = Release|Any CPU
		{981B3B44-129D-4E5F-B7AD-1560945779F8}.Release|Any CPU.Build.0 = Release|Any CPU
		{981B3B44-129D-4E5F-B7AD-1560945779F8}.Release|ARM.ActiveCfg = Release|Any CPU
		{981B3B44-129D-4E5F-B7AD-1560945779F8}.Release|ARM.Build.0 = Release|Any CPU
		{981B3B44-129D-4E5F-B7AD-1560945779F8}.Release|ARM64.ActiveCfg = Release|Any CPU
		{981B3B44-129D-4E5F-B7AD-1560945779F8}.Release|ARM64.Build.0 = Release|Any CPU
		{981B3B44-129D-4E5F-B7AD-1560945779F8}.Release|x64.ActiveCfg = Release|Any CPU
		{981B3B44-129D-4E5F-B7AD-1560945779F8}.Release|x64.Build.0 = Release|Any CPU
		{981B3B44-129D-4E5F-B7AD-1560945779F8}.Release|x86.ActiveCfg = Release|Any CPU
		{981B3B44-129D-4E5F-B7AD-1560945779F8}.Release|x86.Build.0 = Release|Any CPU
		{E084F191-B2AB-4BC1-93FC-92B05D1953EB}.Debug|Any CPU.ActiveCfg = Debug|Any CPU
		{E084F191-B2AB-4BC1-93FC-92B05D1953EB}.Debug|Any CPU.Build.0 = Debug|Any CPU
		{E084F191-B2AB-4BC1-93FC-92B05D1953EB}.Debug|ARM.ActiveCfg = Debug|Any CPU
		{E084F191-B2AB-4BC1-93FC-92B05D1953EB}.Debug|ARM.Build.0 = Debug|Any CPU
		{E084F191-B2AB-4BC1-93FC-92B05D1953EB}.Debug|ARM64.ActiveCfg = Debug|Any CPU
		{E084F191-B2AB-4BC1-93FC-92B05D1953EB}.Debug|ARM64.Build.0 = Debug|Any CPU
		{E084F191-B2AB-4BC1-93FC-92B05D1953EB}.Debug|x64.ActiveCfg = Debug|Any CPU
		{E084F191-B2AB-4BC1-93FC-92B05D1953EB}.Debug|x64.Build.0 = Debug|Any CPU
		{E084F191-B2AB-4BC1-93FC-92B05D1953EB}.Debug|x86.ActiveCfg = Debug|Any CPU
		{E084F191-B2AB-4BC1-93FC-92B05D1953EB}.Debug|x86.Build.0 = Debug|Any CPU
		{E084F191-B2AB-4BC1-93FC-92B05D1953EB}.Release|Any CPU.ActiveCfg = Release|Any CPU
		{E084F191-B2AB-4BC1-93FC-92B05D1953EB}.Release|Any CPU.Build.0 = Release|Any CPU
		{E084F191-B2AB-4BC1-93FC-92B05D1953EB}.Release|ARM.ActiveCfg = Release|Any CPU
		{E084F191-B2AB-4BC1-93FC-92B05D1953EB}.Release|ARM.Build.0 = Release|Any CPU
		{E084F191-B2AB-4BC1-93FC-92B05D1953EB}.Release|ARM64.ActiveCfg = Release|Any CPU
		{E084F191-B2AB-4BC1-93FC-92B05D1953EB}.Release|ARM64.Build.0 = Release|Any CPU
		{E084F191-B2AB-4BC1-93FC-92B05D1953EB}.Release|x64.ActiveCfg = Release|Any CPU
		{E084F191-B2AB-4BC1-93FC-92B05D1953EB}.Release|x64.Build.0 = Release|Any CPU
		{E084F191-B2AB-4BC1-93FC-92B05D1953EB}.Release|x86.ActiveCfg = Release|Any CPU
		{E084F191-B2AB-4BC1-93FC-92B05D1953EB}.Release|x86.Build.0 = Release|Any CPU
	EndGlobalSection
	GlobalSection(SolutionProperties) = preSolution
		HideSolutionNode = FALSE
	EndGlobalSection
	GlobalSection(ExtensibilityGlobals) = postSolution
		SolutionGuid = {8E061BD1-33C2-4999-91D2-1E2FB00A29C2}
	EndGlobalSection
EndGlobal
